<?xml version="1.0" encoding="utf-8"?>
<Project ToolsVersion="4.0" xmlns="http://schemas.microsoft.com/developer/msbuild/2003">
  <ItemGroup>
    <Filter Include="Source Files">
      <UniqueIdentifier>{4FC737F1-C7A5-4376-A066-2A32D752A2FF}</UniqueIdentifier>
      <Extensions>cpp;c;cc;cxx;c++;cppm;ixx;def;odl;idl;hpj;bat;asm;asmx</Extensions>
    </Filter>
    <Filter Include="Header Files">
      <UniqueIdentifier>{93995380-89BD-4b04-88EB-625FBE52EBFB}</UniqueIdentifier>
      <Extensions>h;hh;hpp;hxx;h++;hm;inl;inc;ipp;xsd</Extensions>
    </Filter>
    <Filter Include="Resource Files">
      <UniqueIdentifier>{67DA6AB6-F800-4c08-8B7A-83BB121AAD01}</UniqueIdentifier>
      <Extensions>rc;ico;cur;bmp;dlg;rc2;rct;bin;rgs;gif;jpg;jpeg;jpe;resx;tiff;tif;png;wav;mfcribbon-ms</Extensions>
    </Filter>
    <Filter Include="Vector">
      <UniqueIdentifier>{b31671b7-a9aa-4258-b147-ffaf50f4ec9f}</UniqueIdentifier>
    </Filter>
    <Filter Include="Vector\Vector3f">
      <UniqueIdentifier>{1b94338f-f113-445c-8add-30ab69df76f0}</UniqueIdentifier>
    </Filter>
    <Filter Include="Util">
      <UniqueIdentifier>{68f5a2ce-a5e6-457b-a7b0-0dfdec79d579}</UniqueIdentifier>
    </Filter>
    <Filter Include="Vector\Vector4f">
      <UniqueIdentifier>{4b7cdd76-5fde-45e8-9ef5-3305b1d39799}</UniqueIdentifier>
    </Filter>
    <Filter Include="Vector\Vector2f">
      <UniqueIdentifier>{90c5664e-80a9-4a6b-a5a4-b213a1ea8aea}</UniqueIdentifier>
    </Filter>
    <Filter Include="Matrix">
      <UniqueIdentifier>{4328b313-7201-4c84-a06c-a4e7ad0288a8}</UniqueIdentifier>
    </Filter>
    <Filter Include="Matrix\Matrix4x4f">
      <UniqueIdentifier>{65098e62-ec21-4386-b9fa-dd04bb0b4e9b}</UniqueIdentifier>
    </Filter>
  </ItemGroup>
  <ItemGroup>
    <ClInclude Include="framework.h">
      <Filter>Header Files</Filter>
    </ClInclude>
    <ClInclude Include="pch.h">
      <Filter>Header Files</Filter>
    </ClInclude>
    <ClInclude Include="MathLibDoc.h">
      <Filter>Header Files</Filter>
    </ClInclude>
    <ClInclude Include="Vector\Vector3f\Vector3f.h">
      <Filter>Vector\Vector3f</Filter>
    </ClInclude>
    <ClInclude Include="Util\Random.h">
      <Filter>Util</Filter>
    </ClInclude>
    <ClInclude Include="Util\Defines.h">
      <Filter>Util</Filter>
    </ClInclude>
    <ClInclude Include="Vector\Vector4f\Vector4f.h">
      <Filter>Vector\Vector4f</Filter>
    </ClInclude>
    <ClInclude Include="Vector\Vec2f.h">
      <Filter>Vector</Filter>
    </ClInclude>
    <ClInclude Include="Vector\Vector2f\Vector2fScalar.h">
      <Filter>Vector\Vector2f</Filter>
    </ClInclude>
    <ClInclude Include="Matrix\Matrix4x4f\Matrix4x4f.h">
      <Filter>Matrix\Matrix4x4f</Filter>
    </ClInclude>
    <ClInclude Include="Util\CommonMath.h">
      <Filter>Util</Filter>
    </ClInclude>
  </ItemGroup>
  <ItemGroup>
    <ClCompile Include="pch.cpp">
      <Filter>Source Files</Filter>
    </ClCompile>
    <ClCompile Include="Vector\Vector3f\Vector3f.cpp">
      <Filter>Vector\Vector3f</Filter>
    </ClCompile>
    <ClCompile Include="Vector\Vector4f\Vector4f.cpp">
      <Filter>Vector\Vector4f</Filter>
    </ClCompile>
    <ClCompile Include="Vector\Vector2f\Vector2fScalar.cpp">
      <Filter>Vector\Vector2f</Filter>
    </ClCompile>
    <ClCompile Include="Matrix\Matrix4x4f\Matrix4x4f.cpp">
      <Filter>Matrix\Matrix4x4f</Filter>
    </ClCompile>
    <ClCompile Include="Util\CommonMath.cpp">
      <Filter>Util</Filter>
    </ClCompile>
  </ItemGroup>
  <ItemGroup>
    <None Include="Vector\Vector3f\Vector3f.inl">
      <Filter>Vector\Vector3f</Filter>
    </None>
    <None Include="Vector\Vector4f\Vector4f.inl">
      <Filter>Vector\Vector4f</Filter>
    </None>
    <None Include="Vector\Vector2f\Vector2fScalar.inl">
      <Filter>Vector\Vector2f</Filter>
    </None>
    <None Include="Matrix\Matrix4x4f\Matrix4x4f.inl">
      <Filter>Matrix\Matrix4x4f</Filter>
    </None>
  </ItemGroup>
</Project>